
Microsoft Visual Studio Solution File, Format Version 12.00
# Visual Studio 2012
Project("{FAE04EC0-301F-11D3-BF4B-00C04F79EFBC}") = "AndroidStyleConverter", "AndroidStyleConverter\AndroidStyleConverter.csproj", "{2CF74D80-4B57-492E-A6E4-89C7A39B0F85}"
EndProject
Global
	GlobalSection(SolutionConfigurationPlatforms) = preSolution
		Debug|Any CPU = Debug|Any CPU
		Release|Any CPU = Release|Any CPU
	EndGlobalSection
	GlobalSection(ProjectConfigurationPlatforms) = postSolution
		{2CF74D80-4B57-492E-A6E4-89C7A39B0F85}.Debug|Any CPU.ActiveCfg = Debug|Any CPU
		{2CF74D80-4B57-492E-A6E4-89C7A39B0F85}.Debug|Any CPU.Build.0 = Debug|Any CPU
		{2CF74D80-4B57-492E-A6E4-89C7A39B0F85}.Release|Any CPU.ActiveCfg = Release|Any CPU
		{2CF74D80-4B57-492E-A6E4-89C7A39B0F85}.Release|Any CPU.Build.0 = Release|Any CPU
	EndGlobalSection
EndGlobal
